
Microsoft Visual Studio Solution File, Format Version 12.00
# Visual Studio 14
VisualStudioVersion = 14.0.25420.1
MinimumVisualStudioVersion = 10.0.40219.1
Project("{2150E333-8FDC-42A3-9474-1A3956D46DE8}") = "src", "src", "{8241863B-D185-4580-B4B2-9A4707000D48}"
EndProject
Project("{2150E333-8FDC-42A3-9474-1A3956D46DE8}") = "Solution Items", "Solution Items", "{84D1F37A-7BB7-46C1-94C5-F1A377D7A263}"
	ProjectSection(SolutionItems) = preProject
		global.json = global.json
	EndProjectSection
EndProject
Project("{8BB2217D-0F2D-49D1-97BC-3654ED321F3B}") = "Cadbury", "src\Cadbury\Cadbury.xproj", "{46F32246-C2BA-4068-9680-32CC7E9C1CEF}"
EndProject
Global
	GlobalSection(SolutionConfigurationPlatforms) = preSolution
		Debug|Any CPU = Debug|Any CPU
		Release|Any CPU = Release|Any CPU
	EndGlobalSection
	GlobalSection(ProjectConfigurationPlatforms) = postSolution
		{46F32246-C2BA-4068-9680-32CC7E9C1CEF}.Debug|Any CPU.ActiveCfg = Debug|Any CPU
		{46F32246-C2BA-4068-9680-32CC7E9C1CEF}.Debug|Any CPU.Build.0 = Debug|Any CPU
		{46F32246-C2BA-4068-9680-32CC7E9C1CEF}.Release|Any CPU.ActiveCfg = Release|Any CPU
		{46F32246-C2BA-4068-9680-32CC7E9C1CEF}.Release|Any CPU.Build.0 = Release|Any CPU
	EndGlobalSection
	GlobalSection(SolutionProperties) = preSolution
		HideSolutionNode = FALSE
	EndGlobalSection
	GlobalSection(NestedProjects) = preSolution
		{46F32246-C2BA-4068-9680-32CC7E9C1CEF} = {8241863B-D185-4580-B4B2-9A4707000D48}
	EndGlobalSection
EndGlobal
